
Microsoft Visual Studio Solution File, Format Version 12.00
# Visual Studio 2013
VisualStudioVersion = 12.0.31101.0
MinimumVisualStudioVersion = 10.0.40219.1
Project("{FAE04EC0-301F-11D3-BF4B-00C04F79EFBC}") = "02. StudentsAndWorkers", "New\02. StudentsAndWorkers.csproj", "{FCD9691B-CC70-406E-BBAE-E771D61E9468}"
EndProject
Project("{FAE04EC0-301F-11D3-BF4B-00C04F79EFBC}") = "03. AnimalHierarchy", "03. AnimalHierarchy\03. AnimalHierarchy.csproj", "{8F473E63-BAA5-46A1-9461-859018C3B556}"
EndProject
Project("{FAE04EC0-301F-11D3-BF4B-00C04F79EFBC}") = "01. SchoolClasses", "01. SchoolClasses\01. SchoolClasses.csproj", "{2661EC5E-89D6-4FBB-A273-BC9C19DD8241}"
EndProject
Global
	GlobalSection(SolutionConfigurationPlatforms) = preSolution
		Debug|Any CPU = Debug|Any CPU
		Release|Any CPU = Release|Any CPU
	EndGlobalSection
	GlobalSection(ProjectConfigurationPlatforms) = postSolution
		{FCD9691B-CC70-406E-BBAE-E771D61E9468}.Debug|Any CPU.ActiveCfg = Debug|Any CPU
		{FCD9691B-CC70-406E-BBAE-E771D61E9468}.Debug|Any CPU.Build.0 = Debug|Any CPU
		{FCD9691B-CC70-406E-BBAE-E771D61E9468}.Release|Any CPU.ActiveCfg = Release|Any CPU
		{FCD9691B-CC70-406E-BBAE-E771D61E9468}.Release|Any CPU.Build.0 = Release|Any CPU
		{8F473E63-BAA5-46A1-9461-859018C3B556}.Debug|Any CPU.ActiveCfg = Debug|Any CPU
		{8F473E63-BAA5-46A1-9461-859018C3B556}.Debug|Any CPU.Build.0 = Debug|Any CPU
		{8F473E63-BAA5-46A1-9461-859018C3B556}.Release|Any CPU.ActiveCfg = Release|Any CPU
		{8F473E63-BAA5-46A1-9461-859018C3B556}.Release|Any CPU.Build.0 = Release|Any CPU
		{2661EC5E-89D6-4FBB-A273-BC9C19DD8241}.Debug|Any CPU.ActiveCfg = Debug|Any CPU
		{2661EC5E-89D6-4FBB-A273-BC9C19DD8241}.Debug|Any CPU.Build.0 = Debug|Any CPU
		{2661EC5E-89D6-4FBB-A273-BC9C19DD8241}.Release|Any CPU.ActiveCfg = Release|Any CPU
		{2661EC5E-89D6-4FBB-A273-BC9C19DD8241}.Release|Any CPU.Build.0 = Release|Any CPU
	EndGlobalSection
	GlobalSection(SolutionProperties) = preSolution
		HideSolutionNode = FALSE
	EndGlobalSection
EndGlobal
