
Microsoft Visual Studio Solution File, Format Version 12.00
# Visual Studio 2013
VisualStudioVersion = 12.0.31101.0
MinimumVisualStudioVersion = 10.0.40219.1
Project("{FAE04EC0-301F-11D3-BF4B-00C04F79EFBC}") = "01. LeapYear", "01. LeapYear\01. LeapYear.csproj", "{8CCD48DF-B9D5-43D7-88A4-109450209249}"
EndProject
Project("{FAE04EC0-301F-11D3-BF4B-00C04F79EFBC}") = "02. RandomNumbers", "02. RandomNumbers\02. RandomNumbers.csproj", "{E4DABA1C-69BD-4539-9B7D-5C0578B9A7E4}"
EndProject
Project("{FAE04EC0-301F-11D3-BF4B-00C04F79EFBC}") = "03. DayOfWeek", "03. DayOfWeek\03. DayOfWeek.csproj", "{9FA004E7-8DB2-4420-A85E-5BF0AC6C9FEA}"
EndProject
Project("{FAE04EC0-301F-11D3-BF4B-00C04F79EFBC}") = "04. TriangleSurface", "04. TriangleSurface\04. TriangleSurface.csproj", "{D9EFD731-7812-4729-9351-45177837D25C}"
EndProject
Project("{FAE04EC0-301F-11D3-BF4B-00C04F79EFBC}") = "05. Workdays", "05. Workdays\05. Workdays.csproj", "{25C9ABF3-4FF5-42B0-8DB2-E3263E6E6A5D}"
EndProject
Project("{FAE04EC0-301F-11D3-BF4B-00C04F79EFBC}") = "06. SumIntegers", "06. SumIntegers\06. SumIntegers.csproj", "{7EDD40E9-604D-4751-9793-415A0BB47277}"
EndProject
Global
	GlobalSection(SolutionConfigurationPlatforms) = preSolution
		Debug|Any CPU = Debug|Any CPU
		Release|Any CPU = Release|Any CPU
	EndGlobalSection
	GlobalSection(ProjectConfigurationPlatforms) = postSolution
		{8CCD48DF-B9D5-43D7-88A4-109450209249}.Debug|Any CPU.ActiveCfg = Debug|Any CPU
		{8CCD48DF-B9D5-43D7-88A4-109450209249}.Debug|Any CPU.Build.0 = Debug|Any CPU
		{8CCD48DF-B9D5-43D7-88A4-109450209249}.Release|Any CPU.ActiveCfg = Release|Any CPU
		{8CCD48DF-B9D5-43D7-88A4-109450209249}.Release|Any CPU.Build.0 = Release|Any CPU
		{E4DABA1C-69BD-4539-9B7D-5C0578B9A7E4}.Debug|Any CPU.ActiveCfg = Debug|Any CPU
		{E4DABA1C-69BD-4539-9B7D-5C0578B9A7E4}.Debug|Any CPU.Build.0 = Debug|Any CPU
		{E4DABA1C-69BD-4539-9B7D-5C0578B9A7E4}.Release|Any CPU.ActiveCfg = Release|Any CPU
		{E4DABA1C-69BD-4539-9B7D-5C0578B9A7E4}.Release|Any CPU.Build.0 = Release|Any CPU
		{9FA004E7-8DB2-4420-A85E-5BF0AC6C9FEA}.Debug|Any CPU.ActiveCfg = Debug|Any CPU
		{9FA004E7-8DB2-4420-A85E-5BF0AC6C9FEA}.Debug|Any CPU.Build.0 = Debug|Any CPU
		{9FA004E7-8DB2-4420-A85E-5BF0AC6C9FEA}.Release|Any CPU.ActiveCfg = Release|Any CPU
		{9FA004E7-8DB2-4420-A85E-5BF0AC6C9FEA}.Release|Any CPU.Build.0 = Release|Any CPU
		{D9EFD731-7812-4729-9351-45177837D25C}.Debug|Any CPU.ActiveCfg = Debug|Any CPU
		{D9EFD731-7812-4729-9351-45177837D25C}.Debug|Any CPU.Build.0 = Debug|Any CPU
		{D9EFD731-7812-4729-9351-45177837D25C}.Release|Any CPU.ActiveCfg = Release|Any CPU
		{D9EFD731-7812-4729-9351-45177837D25C}.Release|Any CPU.Build.0 = Release|Any CPU
		{25C9ABF3-4FF5-42B0-8DB2-E3263E6E6A5D}.Debug|Any CPU.ActiveCfg = Debug|Any CPU
		{25C9ABF3-4FF5-42B0-8DB2-E3263E6E6A5D}.Debug|Any CPU.Build.0 = Debug|Any CPU
		{25C9ABF3-4FF5-42B0-8DB2-E3263E6E6A5D}.Release|Any CPU.ActiveCfg = Release|Any CPU
		{25C9ABF3-4FF5-42B0-8DB2-E3263E6E6A5D}.Release|Any CPU.Build.0 = Release|Any CPU
		{7EDD40E9-604D-4751-9793-415A0BB47277}.Debug|Any CPU.ActiveCfg = Debug|Any CPU
		{7EDD40E9-604D-4751-9793-415A0BB47277}.Debug|Any CPU.Build.0 = Debug|Any CPU
		{7EDD40E9-604D-4751-9793-415A0BB47277}.Release|Any CPU.ActiveCfg = Release|Any CPU
		{7EDD40E9-604D-4751-9793-415A0BB47277}.Release|Any CPU.Build.0 = Release|Any CPU
	EndGlobalSection
	GlobalSection(SolutionProperties) = preSolution
		HideSolutionNode = FALSE
	EndGlobalSection
EndGlobal
